<?xml version="1.0" encoding="utf-8"?>
<Project ToolsVersion="4.0" xmlns="http://schemas.microsoft.com/developer/msbuild/2003">
  <ItemGroup>
    <ClCompile Include="BattleAction.cpp" />
    <ClCompile Include="BattleHex.cpp" />
    <ClCompile Include="BattleState.cpp" />
    <ClCompile Include="CArtHandler.cpp" />
    <ClCompile Include="CBuildingHandler.cpp" />
    <ClCompile Include="CCampaignHandler.cpp" />
    <ClCompile Include="CConsoleHandler.cpp" />
    <ClCompile Include="CCreatureHandler.cpp" />
    <ClCompile Include="CCreatureSet.cpp" />
    <ClCompile Include="CDefObjInfoHandler.cpp" />
    <ClCompile Include="CGameInterface.cpp" />
    <ClCompile Include="CGameState.cpp" />
    <ClCompile Include="CGeneralTextHandler.cpp" />
    <ClCompile Include="CHeroHandler.cpp" />
    <ClCompile Include="CLogger.cpp" />
    <ClCompile Include="CMapInfo.cpp" />
    <ClCompile Include="CModHandler.cpp" />
    <ClCompile Include="CObjectHandler.cpp" />
    <ClCompile Include="CObstacleInstance.cpp" />
    <ClCompile Include="Connection.cpp" />
    <ClCompile Include="CSpellHandler.cpp" />
    <ClCompile Include="CThreadHelper.cpp" />
    <ClCompile Include="CTownHandler.cpp" />
    <ClCompile Include="Filesystem\CBinaryReader.cpp" />
    <ClCompile Include="Filesystem\CCompressedStream.cpp" />
    <ClCompile Include="Filesystem\CFileInfo.cpp" />
    <ClCompile Include="Filesystem\CFileInputStream.cpp" />
    <ClCompile Include="Filesystem\CFilesystemLoader.cpp" />
    <ClCompile Include="Filesystem\CLodArchiveLoader.cpp" />
    <ClCompile Include="Filesystem\CMemoryStream.cpp" />
    <ClCompile Include="Filesystem\CResourceLoader.cpp" />
    <ClCompile Include="HeroBonus.cpp" />
    <ClCompile Include="CBattleCallback.cpp" />
    <ClCompile Include="IGameCallback.cpp" />
    <ClCompile Include="JsonNode.cpp" />
    <ClCompile Include="map.cpp" />
    <ClCompile Include="NetPacksLib.cpp" />
    <ClCompile Include="ResourceSet.cpp" />
    <ClCompile Include="StdInc.cpp" />
    <ClCompile Include="VCMI_Lib.cpp" />
    <ClCompile Include="AI\Fuzzy.cpp">
      <Filter>AI</Filter>
    </ClCompile>
    <ClCompile Include="AI\StupidAI.cpp">
      <Filter>AI</Filter>
    </ClCompile>
    <ClCompile Include="AI\VCAI.cpp">
      <Filter>AI</Filter>
    </ClCompile>
  </ItemGroup>
  <ItemGroup>
    <ClInclude Include="..\Global.h" />
    <ClInclude Include="AI_Base.h" />
    <ClInclude Include="BattleAction.h" />
    <ClInclude Include="BattleHex.h" />
    <ClInclude Include="BattleState.h" />
    <ClInclude Include="CArtHandler.h" />
    <ClInclude Include="CBuildingHandler.h" />
    <ClInclude Include="CCampaignHandler.h" />
    <ClInclude Include="CConsoleHandler.h" />
    <ClInclude Include="CCreatureHandler.h" />
    <ClInclude Include="CCreatureSet.h" />
    <ClInclude Include="CDefObjInfoHandler.h" />
    <ClInclude Include="CGameInterface.h" />
    <ClInclude Include="CGameState.h" />
    <ClInclude Include="CGeneralTextHandler.h" />
    <ClInclude Include="CHeroHandler.h" />
    <ClInclude Include="CLogger.h" />
    <ClInclude Include="CMapInfo.h" />
    <ClInclude Include="CModHandler.h" />
    <ClInclude Include="CObjectHandler.h" />
    <ClInclude Include="CObstacleInstance.h" />
    <ClInclude Include="CondSh.h" />
    <ClInclude Include="Connection.h" />
    <ClInclude Include="ConstTransitivePtr.h" />
    <ClInclude Include="CScriptingModule.h" />
    <ClInclude Include="CSpellHandler.h" />
    <ClInclude Include="CStopWatch.h" />
    <ClInclude Include="CThreadHelper.h" />
    <ClInclude Include="CTownHandler.h" />
    <ClInclude Include="Filesystem\CBinaryReader.h" />
    <ClInclude Include="Filesystem\CCompressedStream.h" />
    <ClInclude Include="Filesystem\CFileInfo.h" />
    <ClInclude Include="Filesystem\CFileInputStream.h" />
    <ClInclude Include="Filesystem\CFilesystemLoader.h" />
    <ClInclude Include="Filesystem\CInputStream.h" />
    <ClInclude Include="Filesystem\CLodArchiveLoader.h" />
    <ClInclude Include="Filesystem\CMemoryStream.h" />
    <ClInclude Include="Filesystem\CResourceLoader.h" />
    <ClInclude Include="Filesystem\ISimpleResourceLoader.h" />
    <ClInclude Include="GameConstants.h" />
    <ClInclude Include="HeroBonus.h" />
    <ClInclude Include="CBattleCallback.h" />
    <ClInclude Include="IGameCallback.h" />
    <ClInclude Include="IGameEventsReceiver.h" />
    <ClInclude Include="int3.h" />
    <ClInclude Include="Interprocess.h" />
    <ClInclude Include="JsonNode.h" />
    <ClInclude Include="map.h" />
    <ClInclude Include="NetPacks.h" />
    <ClInclude Include="RegisterTypes.h" />
    <ClInclude Include="ResourceSet.h" />
    <ClInclude Include="StartInfo.h" />
    <ClInclude Include="StdInc.h" />
    <ClInclude Include="UnlockGuard.h" />
    <ClInclude Include="VCMI_Lib.h" />
    <ClInclude Include="VCMIDirs.h" />
    <ClInclude Include="AI\Fuzzy.h">
      <Filter>AI</Filter>
    </ClInclude>
    <ClInclude Include="AI\StupidAI.h">
      <Filter>AI</Filter>
    </ClInclude>
    <ClInclude Include="AI\VCAI.h">
      <Filter>AI</Filter>
    </ClInclude>
  </ItemGroup>
  <ItemGroup>
    <Filter Include="AI">
      <UniqueIdentifier>{494fe45f-c6db-4aa9-824c-c06fcd4fc2bd}</UniqueIdentifier>
    </Filter>
  </ItemGroup>
</Project>